
Microsoft Visual Studio Solution File, Format Version 12.00
# Visual Studio Version 17
VisualStudioVersion = 17.4.33213.308
MinimumVisualStudioVersion = 10.0.40219.1
Project("{FAE04EC0-301F-11D3-BF4B-00C04F79EFBC}") = "ClubSquad", "ClubSquad\ClubSquad.csproj", "{4E761B15-7472-45D7-BE29-A9D9CD10C1E9}"
EndProject
Global
	GlobalSection(SolutionConfigurationPlatforms) = preSolution
		Debug|Any CPU = Debug|Any CPU
		Release|Any CPU = Release|Any CPU
	EndGlobalSection
	GlobalSection(ProjectConfigurationPlatforms) = postSolution
		{4E761B15-7472-45D7-BE29-A9D9CD10C1E9}.Debug|Any CPU.ActiveCfg = Debug|Any CPU
		{4E761B15-7472-45D7-BE29-A9D9CD10C1E9}.Debug|Any CPU.Build.0 = Debug|Any CPU
		{4E761B15-7472-45D7-BE29-A9D9CD10C1E9}.Release|Any CPU.ActiveCfg = Release|Any CPU
		{4E761B15-7472-45D7-BE29-A9D9CD10C1E9}.Release|Any CPU.Build.0 = Release|Any CPU
	EndGlobalSection
	GlobalSection(SolutionProperties) = preSolution
		HideSolutionNode = FALSE
	EndGlobalSection
	GlobalSection(ExtensibilityGlobals) = postSolution
		SolutionGuid = {A6456FB4-9A6A-4ECC-A274-FDB35A72F9AC}
	EndGlobalSection
EndGlobal
